// !$*UTF8*$!
{
	archiveVersion = 1;
	classes = {
	};
	objectVersion = 46;
	objects = {

/* Begin PBXBuildFile section */
		D051E12D1D3578E300903A47 /* AppDelegate.swift in Sources */ = {isa = PBXBuildFile; fileRef = D051E12C1D3578E300903A47 /* AppDelegate.swift */; };
		D051E12F1D3578E300903A47 /* ViewController.swift in Sources */ = {isa = PBXBuildFile; fileRef = D051E12E1D3578E300903A47 /* ViewController.swift */; };
		D051E1321D3578E300903A47 /* Main.storyboard in Resources */ = {isa = PBXBuildFile; fileRef = D051E1301D3578E300903A47 /* Main.storyboard */; };
		D051E1341D3578E300903A47 /* Assets.xcassets in Resources */ = {isa = PBXBuildFile; fileRef = D051E1331D3578E300903A47 /* Assets.xcassets */; };
		D051E1371D3578E300903A47 /* LaunchScreen.storyboard in Resources */ = {isa = PBXBuildFile; fileRef = D051E1351D3578E300903A47 /* LaunchScreen.storyboard */; };
/* End PBXBuildFile section */

/* Begin PBXFileReference section */
		D051E1291D3578E300903A47 /* tapper.app */ = {isa = PBXFileReference; explicitFileType = wrapper.application; includeInIndex = 0; path = tapper.app; sourceTree = BUILT_PRODUCTS_DIR; };
		D051E12C1D3578E300903A47 /* AppDelegate.swift */ = {isa = PBXFileReference; lastKnownFileType = sourcecode.swift; path = AppDelegate.swift; sourceTree = "<group>"; };
		D051E12E1D3578E300903A47 /* ViewController.swift */ = {isa = PBXFileReference; lastKnownFileType = sourcecode.swift; path = ViewController.swift; sourceTree = "<group>"; };
		D051E1311D3578E300903A47 /* Base */ = {isa = PBXFileReference; lastKnownFileType = file.storyboard; name = Base; path = Base.lproj/Main.storyboard; sourceTree = "<group>"; };
		D051E1331D3578E300903A47 /* Assets.xcassets */ = {isa = PBXFileReference; lastKnownFileType = folder.assetcatalog; path = Assets.xcassets; sourceTree = "<group>"; };
		D051E1361D3578E300903A47 /* Base */ = {isa = PBXFileReference; lastKnownFileType = file.storyboard; name = Base; path = Base.lproj/LaunchScreen.storyboard; sourceTree = "<group>"; };
		D051E1381D3578E300903A47 /* Info.plist */ = {isa = PBXFileReference; lastKnownFileType = text.plist.xml; path = Info.plist; sourceTree = "<group>"; };
/* End PBXFileReference section */

/* Begin PBXFrameworksBuildPhase section */
		D051E1261D3578E300903A47 /* Frameworks */ = {
			isa = PBXFrameworksBuildPhase;
			buildActionMask = 2147483647;
			files = (
			);
			runOnlyForDeploymentPostprocessing = 0;
		};
/* End PBXFrameworksBuildPhase section */

/* Begin PBXGroup section */
		D051E1201D3578E300903A47 = {
			isa = PBXGroup;
			children = (
				D051E12B1D3578E300903A47 /* tapper */,
				D051E12A1D3578E300903A47 /* Products */,
			);
			sourceTree = "<group>";
		};
		D051E12A1D3578E300903A47 /* Products */ = {
			isa = PBXGroup;
			children = (
				D051E1291D3578E300903A47 /* tapper.app */,
			);
			name = Products;
			sourceTree = "<group>";
		};
		D051E12B1D3578E300903A47 /* tapper */ = {
			isa = PBXGroup;
			children = (
				D051E12C1D3578E300903A47 /* AppDelegate.swift */,
				D051E12E1D3578E300903A47 /* ViewController.swift */,
				D051E1301D3578E300903A47 /* Main.storyboard */,
				D051E1331D3578E300903A47 /* Assets.xcassets */,
				D051E1351D3578E300903A47 /* LaunchScreen.storyboard */,
				D051E1381D3578E300903A47 /* Info.plist */,
			);
			path = tapper;
			sourceTree = "<group>";
		};
/* End PBXGroup section */

/* Begin PBXNativeTarget section */
		D051E1281D3578E300903A47 /* tapper */ = {
			isa = PBXNativeTarget;
			buildConfigurationList = D051E13B1D3578E300903A47 /* Build configuration list for PBXNativeTarget "tapper" */;
			buildPhases = (
				D051E1251D3578E300903A47 /* Sources */,
				D051E1261D3578E300903A47 /* Frameworks */,
				D051E1271D3578E300903A47 /* Resources */,
			);
			buildRules = (
			);
			dependencies = (
			);
			name = tapper;
			productName = tapper;
			productReference = D051E1291D3578E300903A47 /* tapper.app */;
			productType = "com.apple.product-type.application";
		};
/* End PBXNativeTarget section */

/* Begin PBXProject section */
		D051E1211D3578E300903A47 /* Project object */ = {
			isa = PBXProject;
			attributes = {
				LastSwiftUpdateCheck = 0730;
				LastUpgradeCheck = 0730;
				ORGANIZATIONNAME = "Vicky Tang";
				TargetAttributes = {
					D051E1281D3578E300903A47 = {
						CreatedOnToolsVersion = 7.3.1;
					};
				};
			};
			buildConfigurationList = D051E1241D3578E300903A47 /* Build configuration list for PBXProject "tapper" */;
			compatibilityVersion = "Xcode 3.2";
			developmentRegion = English;
			hasScannedForEncodings = 0;
			knownRegions = (
				en,
				Base,
			);
			mainGroup = D051E1201D3578E300903A47;
			productRefGroup = D051E12A1D3578E300903A47 /* Products */;
			projectDirPath = "";
			projectRoot = "";
			targets = (
				D051E1281D3578E300903A47 /* tapper */,
			);
		};
/* End PBXProject section */

/* Begin PBXResourcesBuildPhase section */
		D051E1271D3578E300903A47 /* Resources */ = {
			isa = PBXResourcesBuildPhase;
			buildActionMask = 2147483647;
			files = (
				D051E1371D3578E300903A47 /* LaunchScreen.storyboard in Resources */,
				D051E1341D3578E300903A47 /* Assets.xcassets in Resources */,
				D051E1321D3578E300903A47 /* Main.storyboard in Resources */,
			);
			runOnlyForDeploymentPostprocessing = 0;
		};
/* End PBXResourcesBuildPhase section */

/* Begin PBXSourcesBuildPhase section */
		D051E1251D3578E300903A47 /* Sources */ = {
			isa = PBXSourcesBuildPhase;
			buildActionMask = 2147483647;
			files = (
				D051E12F1D3578E300903A47 /* ViewController.swift in Sources */,
				D051E12D1D3578E300903A47 /* AppDelegate.swift in Sources */,
			);
			runOnlyForDeploymentPostprocessing = 0;
		};
/* End PBXSourcesBuildPhase section */

/* Begin PBXVariantGroup section */
		D051E1301D3578E300903A47 /* Main.storyboard */ = {
			isa = PBXVariantGroup;
			children = (
				D051E1311D3578E300903A47 /* Base */,
			);
			name = Main.storyboard;
			sourceTree = "<group>";
		};
		D051E1351D3578E300903A47 /* LaunchScreen.storyboard */ = {
			isa = PBXVariantGroup;
			children = (
				D051E1361D3578E300903A47 /* Base */,
			);
			name = LaunchScreen.storyboard;
			sourceTree = "<group>";
		};
/* End PBXVariantGroup section */

/* Begin XCBuildConfiguration section */
		D051E1391D3578E300903A47 /* Debug */ = {
			isa = XCBuildConfiguration;
			buildSettings = {
				ALWAYS_SEARCH_USER_PATHS = NO;
				CLANG_ANALYZER_NONNULL = YES;
				CLANG_CXX_LANGUAGE_STANDARD = "gnu++0x";
				CLANG_CXX_LIBRARY = "libc++";
				CLANG_ENABLE_MODULES = YES;
				CLANG_ENABLE_OBJC_ARC = YES;
				CLANG_WARN_BOOL_CONVERSION = YES;
				CLANG_WARN_CONSTANT_CONVERSION = YES;
				CLANG_WARN_DIRECT_OBJC_ISA_USAGE = YES_ERROR;
				CLANG_WARN_EMPTY_BODY = YES;
				CLANG_WARN_ENUM_CONVERSION = YES;
				CLANG_WARN_INT_CONVERSION = YES;
				CLANG_WARN_OBJC_ROOT_CLASS = YES_ERROR;
				CLANG_WARN_UNREACHABLE_CODE = YES;
				CLANG_WARN__DUPLICATE_METHOD_MATCH = YES;
				"CODE_SIGN_IDENTITY[sdk=iphoneos*]" = "iPhone Developer";
				COPY_PHASE_STRIP = NO;
				DEBUG_INFORMATION_FORMAT = dwarf;
				ENABLE_STRICT_OBJC_MSGSEND = YES;
				ENABLE_TESTABILITY = YES;
				GCC_C_LANGUAGE_STANDARD = gnu99;
				GCC_DYNAMIC_NO_PIC = NO;
				GCC_NO_COMMON_BLOCKS = YES;
				GCC_OPTIMIZATION_LEVEL = 0;
				GCC_PREPROCESSOR_DEFINITIONS = (
					"DEBUG=1",
					"$(inherited)",
				);
				GCC_WARN_64_TO_32_BIT_CONVERSION = YES;
				GCC_WARN_ABOUT_RETURN_TYPE = YES_ERROR;
				GCC_WARN_UNDECLARED_SELECTOR = YES;
				GCC_WARN_UNINITIALIZED_AUTOS = YES_AGGRESSIVE;
				GCC_WARN_UNUSED_FUNCTION = YES;
				GCC_WARN_UNUSED_VARIABLE = YES;
				IPHONEOS_DEPLOYMENT_TARGET = 9.3;
				MTL_ENABLE_DEBUG_INFO = YES;
				ONLY_ACTIVE_ARCH = YES;
				SDKROOT = iphoneos;
				SWIFT_OPTIMIZATION_LEVEL = "-Onone";
			};
			name = Debug;
		};
		D051E13A1D3578E300903A47 /* Release */ = {
			isa = XCBuildConfiguration;
			buildSettings = {
				ALWAYS_SEARCH_USER_PATHS = NO;
				CLANG_ANALYZER_NONNULL = YES;
				CLANG_CXX_LANGUAGE_STANDARD = "gnu++0x";
				CLANG_CXX_LIBRARY = "libc++";
				CLANG_ENABLE_MODULES = YES;
				CLANG_ENABLE_OBJC_ARC = YES;
				CLANG_WARN_BOOL_CONVERSION = YES;
				CLANG_WARN_CONSTANT_CONVERSION = YES;
				CLANG_WARN_DIRECT_OBJC_ISA_USAGE = YES_ERROR;
				CLANG_WARN_EMPTY_BODY = YES;
				CLANG_WARN_ENUM_CONVERSION = YES;
				CLANG_WARN_INT_CONVERSION = YES;
				CLANG_WARN_OBJC_ROOT_CLASS = YES_ERROR;
				CLANG_WARN_UNREACHABLE_CODE = YES;
				CLANG_WARN__DUPLICATE_METHOD_MATCH = YES;
				"CODE_SIGN_IDENTITY[sdk=iphoneos*]" = "iPhone Developer";
				COPY_PHASE_STRIP = NO;
				DEBUG_INFORMATION_FORMAT = "dwarf-with-dsym";
				ENABLE_NS_ASSERTIONS = NO;
				ENABLE_STRICT_OBJC_MSGSEND = YES;
				GCC_C_LANGUAGE_STANDARD = gnu99;
				GCC_NO_COMMON_BLOCKS = YES;
				GCC_WARN_64_TO_32_BIT_CONVERSION = YES;
				GCC_WARN_ABOUT_RETURN_TYPE = YES_ERROR;
				GCC_WARN_UNDECLARED_SELECTOR = YES;
				GCC_WARN_UNINITIALIZED_AUTOS = YES_AGGRESSIVE;
				GCC_WARN_UNUSED_FUNCTION = YES;
				GCC_WARN_UNUSED_VARIABLE = YES;
				IPHONEOS_DEPLOYMENT_TARGET = 9.3;
				MTL_ENABLE_DEBUG_INFO = NO;
				SDKROOT = iphoneos;
				VALIDATE_PRODUCT = YES;
			};
			name = Release;
		};
		D051E13C1D3578E300903A47 /* Debug */ = {
			isa = XCBuildConfiguration;
			buildSettings = {
				ASSETCATALOG_COMPILER_APPICON_NAME = AppIcon;
				INFOPLIST_FILE = tapper/Info.plist;
				LD_RUNPATH_SEARCH_PATHS = "$(inherited) @executable_path/Frameworks";
				PRODUCT_BUNDLE_IDENTIFIER = com.VickyTang.tapper;
				PRODUCT_NAME = "$(TARGET_NAME)";
				TARGETED_DEVICE_FAMILY = "1,2";
			};
			name = Debug;
		};
		D051E13D1D3578E300903A47 /* Release */ = {
			isa = XCBuildConfiguration;
			buildSettings = {
				ASSETCATALOG_COMPILER_APPICON_NAME = AppIcon;
				INFOPLIST_FILE = tapper/Info.plist;
				LD_RUNPATH_SEARCH_PATHS = "$(inherited) @executable_path/Frameworks";
				PRODUCT_BUNDLE_IDENTIFIER = com.VickyTang.tapper;
				PRODUCT_NAME = "$(TARGET_NAME)";
				TARGETED_DEVICE_FAMILY = "1,2";
			};
			name = Release;
		};
/* End XCBuildConfiguration section */

/* Begin XCConfigurationList section */
		D051E1241D3578E300903A47 /* Build configuration list for PBXProject "tapper" */ = {
			isa = XCConfigurationList;
			buildConfigurations = (
				D051E1391D3578E300903A47 /* Debug */,
				D051E13A1D3578E300903A47 /* Release */,
			);
			defaultConfigurationIsVisible = 0;
			defaultConfigurationName = Release;
		};
		D051E13B1D3578E300903A47 /* Build configuration list for PBXNativeTarget "tapper" */ = {
			isa = XCConfigurationList;
			buildConfigurations = (
				D051E13C1D3578E300903A47 /* Debug */,
				D051E13D1D3578E300903A47 /* Release */,
			);
			defaultConfigurationIsVisible = 0;
		};
/* End XCConfigurationList section */
	};
	rootObject = D051E1211D3578E300903A47 /* Project object */;
}
